{
  "name": "azure-devops-node-api-tests",
  "version": "1.0.0",
  "lockfileVersion": 1,
  "requires": true,
  "dependencies": {
    "azure-devops-node-api": {
      "version": "file:../_build",
      "requires": {
        "os": "0.1.1",
        "tunnel": "0.0.4",
        "typed-rest-client": "1.0.9",
        "underscore": "1.8.3"
      },
      "dependencies": {
        "os": {
          "version": "0.1.1",
          "bundled": true
        },
        "tunnel": {
          "version": "0.0.4",
          "bundled": true
        },
        "typed-rest-client": {
          "version": "1.0.9",
          "bundled": true,
          "requires": {
            "tunnel": "0.0.4",
            "underscore": "1.8.3"
          }
        },
        "underscore": {
          "version": "1.8.3",
          "bundled": true
        }
      }
    }
  }
}
