{
  "name": "azure-devops-node-api-tests",
  "version": "1.0.0",
  "lockfileVersion": 1,
  "requires": true,
  "dependencies": {
    "azure-devops-node-api": {
      "version": "file:../_build",
      "requires": {
        "tunnel": "0.0.6",
        "typed-rest-client": "1.7.2",
        "underscore": "1.8.3"
      },
      "dependencies": {
        "qs": {
          "version": "6.9.3",
          "resolved": "https://registry.npmjs.org/qs/-/qs-6.9.3.tgz",
          "integrity": "sha512-EbZYNarm6138UKKq46tdx08Yo/q9ZhFoAXAI1meAFd2GtbRDhbZY2WQSICskT0c5q99aFzLG1D4nvTk9tqfXIw=="
        },
        "tunnel": {
          "version": "0.0.6",
          "resolved": "https://registry.npmjs.org/tunnel/-/tunnel-0.0.6.tgz",
          "integrity": "sha512-1h/Lnq9yajKY2PEbBadPXj3VxsDDu844OnaAo52UVmIzIvwwtBPIuNvkjuzBlTWpfJyUbG3ez0KSBibQkj4ojg=="
        },
        "typed-rest-client": {
          "version": "1.7.2",
          "resolved": "https://registry.npmjs.org/typed-rest-client/-/typed-rest-client-1.7.2.tgz",
          "integrity": "sha512-6ENgPdTH7s2Xcd6mBaahyMLBoXPi0LNe75E1T0RFOdhqN9ENpZmf3P5iloOlJUDaHYrucPPzMrBybr6BdS2URg==",
          "requires": {
            "qs": "^6.9.1",
            "tunnel": "0.0.6",
            "underscore": "1.8.3"
          }
        },
        "underscore": {
          "version": "1.8.3",
          "resolved": "https://registry.npmjs.org/underscore/-/underscore-1.8.3.tgz",
          "integrity": "sha1-Tz+1OxBuYJf8+ctBCfKl6b36UCI="
        }
      }
    }
  }
}
