{
  "name": "azure-devops-node-api-tests",
  "version": "1.0.0",
  "lockfileVersion": 1,
  "requires": true,
  "dependencies": {
    "azure-devops-node-api": {
      "version": "file:../_build",
      "requires": {
        "tunnel": "0.0.6",
        "typed-rest-client": "1.2.0",
        "underscore": "1.8.3"
      }
    }
  }
}
