{
  "name": "vsts-node-api-samples",
  "version": "1.0.0",
  "lockfileVersion": 2,
  "requires": true,
  "packages": {
    "": {
      "name": "vsts-node-api-samples",
      "version": "1.0.0",
      "license": "MIT",
      "dependencies": {
        "azure-devops-node-api": "file:../_build"
      }
    },
    "../_build": {
      "name": "azure-devops-node-api",
      "version": "14.1.0",
      "license": "MIT",
      "dependencies": {
        "tunnel": "0.0.6",
        "typed-rest-client": "2.1.0"
      },
      "devDependencies": {
        "@types/glob": "5.0.35",
        "@types/minimatch": "3.0.3",
        "@types/mocha": "^2.2.44",
        "@types/node": "16.11.7",
        "@types/shelljs": "0.8.5",
        "mocha": "^10.4.0",
        "nock": "9.6.1",
        "shelljs": "^0.8.5",
        "typescript": "4.0.2"
      },
      "engines": {
        "node": ">= 16.0.0"
      }
    },
    "node_modules/azure-devops-node-api": {
      "resolved": "../_build",
      "link": true
    }
  },
  "dependencies": {
    "azure-devops-node-api": {
      "version": "file:../_build",
      "requires": {
        "@types/glob": "5.0.35",
        "@types/minimatch": "3.0.3",
        "@types/mocha": "^2.2.44",
        "@types/node": "16.11.7",
        "@types/shelljs": "0.8.5",
        "mocha": "^10.4.0",
        "nock": "9.6.1",
        "shelljs": "^0.8.5",
        "tunnel": "0.0.6",
        "typed-rest-client": "2.1.0",
        "typescript": "4.0.2"
      }
    }
  }
}
