{
  "name": "vsts-node-api-samples",
  "version": "1.0.0",
  "lockfileVersion": 1,
  "requires": true,
  "dependencies": {
    "azure-devops-node-api": {
      "version": "file:../_build",
      "requires": {
        "tunnel": "0.0.6",
        "typed-rest-client": "^1.8.4"
      },
      "dependencies": {
        "call-bind": {
          "version": "1.0.7",
          "resolved": "https://registry.npmjs.org/call-bind/-/call-bind-1.0.7.tgz",
          "integrity": "sha512-GHTSNSYICQ7scH7sZ+M2rFopRoLh8t2bLSW6BbgrtLsahOIB5iyAVJf9GjWK3cYTDaMj4XdBpM1cA6pIS0Kv2w==",
          "requires": {
            "es-define-property": "^1.0.0",
            "es-errors": "^1.3.0",
            "function-bind": "^1.1.2",
            "get-intrinsic": "^1.2.4",
            "set-function-length": "^1.2.1"
          }
        },
        "define-data-property": {
          "version": "1.1.4",
          "resolved": "https://registry.npmjs.org/define-data-property/-/define-data-property-1.1.4.tgz",
          "integrity": "sha512-rBMvIzlpA8v6E+SJZoo++HAYqsLrkg7MSfIinMPFhmkorw7X+dOXVJQs+QT69zGkzMyfDnIMN2Wid1+NbL3T+A==",
          "requires": {
            "es-define-property": "^1.0.0",
            "es-errors": "^1.3.0",
            "gopd": "^1.0.1"
          }
        },
        "es-define-property": {
          "version": "1.0.0",
          "resolved": "https://registry.npmjs.org/es-define-property/-/es-define-property-1.0.0.tgz",
          "integrity": "sha512-jxayLKShrEqqzJ0eumQbVhTYQM27CfT1T35+gCgDFoL82JLsXqTJ76zv6A0YLOgEnLUMvLzsDsGIrl8NFpT2gQ==",
          "requires": {
            "get-intrinsic": "^1.2.4"
          }
        },
        "es-errors": {
          "version": "1.3.0",
          "resolved": "https://registry.npmjs.org/es-errors/-/es-errors-1.3.0.tgz",
          "integrity": "sha512-Zf5H2Kxt2xjTvbJvP2ZWLEICxA6j+hAmMzIlypy4xcBg1vKVnx89Wy0GbS+kf5cwCVFFzdCFh2XSCFNULS6csw=="
        },
        "function-bind": {
          "version": "1.1.2",
          "resolved": "https://registry.npmjs.org/function-bind/-/function-bind-1.1.2.tgz",
          "integrity": "sha512-7XHNxH7qX9xG5mIwxkhumTox/MIRNcOgDrxWsMt2pAr23WHp6MrRlN7FBSFpCpr+oVO0F744iUgR82nJMfG2SA=="
        },
        "get-intrinsic": {
          "version": "1.2.4",
          "resolved": "https://registry.npmjs.org/get-intrinsic/-/get-intrinsic-1.2.4.tgz",
          "integrity": "sha512-5uYhsJH8VJBTv7oslg4BznJYhDoRI6waYCxMmCdnTrcCrHA/fCFKoTFz2JKKE0HdDFUF7/oQuhzumXJK7paBRQ==",
          "requires": {
            "es-errors": "^1.3.0",
            "function-bind": "^1.1.2",
            "has-proto": "^1.0.1",
            "has-symbols": "^1.0.3",
            "hasown": "^2.0.0"
          }
        },
        "gopd": {
          "version": "1.0.1",
          "resolved": "https://registry.npmjs.org/gopd/-/gopd-1.0.1.tgz",
          "integrity": "sha512-d65bNlIadxvpb/A2abVdlqKqV563juRnZ1Wtk6s1sIR8uNsXR70xqIzVqxVf1eTqDunwT2MkczEeaezCKTZhwA==",
          "requires": {
            "get-intrinsic": "^1.1.3"
          }
        },
        "has-property-descriptors": {
          "version": "1.0.2",
          "resolved": "https://registry.npmjs.org/has-property-descriptors/-/has-property-descriptors-1.0.2.tgz",
          "integrity": "sha512-55JNKuIW+vq4Ke1BjOTjM2YctQIvCT7GFzHwmfZPGo5wnrgkid0YQtnAleFSqumZm4az3n2BS+erby5ipJdgrg==",
          "requires": {
            "es-define-property": "^1.0.0"
          }
        },
        "has-proto": {
          "version": "1.0.3",
          "resolved": "https://registry.npmjs.org/has-proto/-/has-proto-1.0.3.tgz",
          "integrity": "sha512-SJ1amZAJUiZS+PhsVLf5tGydlaVB8EdFpaSO4gmiUKUOxk8qzn5AIy4ZeJUmh22znIdk/uMAUT2pl3FxzVUH+Q=="
        },
        "has-symbols": {
          "version": "1.0.3",
          "resolved": "https://registry.npmjs.org/has-symbols/-/has-symbols-1.0.3.tgz",
          "integrity": "sha512-l3LCuF6MgDNwTDKkdYGEihYjt5pRPbEg46rtlmnSPlUbgmB8LOIrKJbYYFBSbnPaJexMKtiPO8hmeRjRz2Td+A=="
        },
        "hasown": {
          "version": "2.0.1",
          "resolved": "https://registry.npmjs.org/hasown/-/hasown-2.0.1.tgz",
          "integrity": "sha512-1/th4MHjnwncwXsIW6QMzlvYL9kG5e/CpVvLRZe4XPa8TOUNbCELqmvhDmnkNsAjwaG4+I8gJJL0JBvTTLO9qA==",
          "requires": {
            "function-bind": "^1.1.2"
          }
        },
        "object-inspect": {
          "version": "1.13.1",
          "resolved": "https://registry.npmjs.org/object-inspect/-/object-inspect-1.13.1.tgz",
          "integrity": "sha512-5qoj1RUiKOMsCCNLV1CBiPYE10sziTsnmNxkAI/rZhiD63CF7IqdFGC/XzjWjpSgLf0LxXX3bDFIh0E18f6UhQ=="
        },
        "qs": {
          "version": "6.11.2",
          "resolved": "https://registry.npmjs.org/qs/-/qs-6.11.2.tgz",
          "integrity": "sha512-tDNIz22aBzCDxLtVH++VnTfzxlfeK5CbqohpSqpJgj1Wg/cQbStNAz3NuqCs5vV+pjBsK4x4pN9HlVh7rcYRiA==",
          "requires": {
            "side-channel": "^1.0.4"
          }
        },
        "set-function-length": {
          "version": "1.2.1",
          "resolved": "https://registry.npmjs.org/set-function-length/-/set-function-length-1.2.1.tgz",
          "integrity": "sha512-j4t6ccc+VsKwYHso+kElc5neZpjtq9EnRICFZtWyBsLojhmeF/ZBd/elqm22WJh/BziDe/SBiOeAt0m2mfLD0g==",
          "requires": {
            "define-data-property": "^1.1.2",
            "es-errors": "^1.3.0",
            "function-bind": "^1.1.2",
            "get-intrinsic": "^1.2.3",
            "gopd": "^1.0.1",
            "has-property-descriptors": "^1.0.1"
          }
        },
        "side-channel": {
          "version": "1.0.6",
          "resolved": "https://registry.npmjs.org/side-channel/-/side-channel-1.0.6.tgz",
          "integrity": "sha512-fDW/EZ6Q9RiO8eFG8Hj+7u/oW+XrPTIChwCOM2+th2A6OblDtYYIpve9m+KvI9Z4C9qSEXlaGR6bTEYHReuglA==",
          "requires": {
            "call-bind": "^1.0.7",
            "es-errors": "^1.3.0",
            "get-intrinsic": "^1.2.4",
            "object-inspect": "^1.13.1"
          }
        },
        "tunnel": {
          "version": "0.0.6",
          "resolved": "https://registry.npmjs.org/tunnel/-/tunnel-0.0.6.tgz",
          "integrity": "sha512-1h/Lnq9yajKY2PEbBadPXj3VxsDDu844OnaAo52UVmIzIvwwtBPIuNvkjuzBlTWpfJyUbG3ez0KSBibQkj4ojg=="
        },
        "typed-rest-client": {
          "version": "1.8.11",
          "resolved": "https://registry.npmjs.org/typed-rest-client/-/typed-rest-client-1.8.11.tgz",
          "integrity": "sha512-5UvfMpd1oelmUPRbbaVnq+rHP7ng2cE4qoQkQeAqxRL6PklkxsM0g32/HL0yfvruK6ojQ5x8EE+HF4YV6DtuCA==",
          "requires": {
            "qs": "^6.9.1",
            "tunnel": "0.0.6",
            "underscore": "^1.12.1"
          }
        },
        "underscore": {
          "version": "1.13.6",
          "resolved": "https://registry.npmjs.org/underscore/-/underscore-1.13.6.tgz",
          "integrity": "sha512-+A5Sja4HP1M08MaXya7p5LvjuM7K6q/2EaC0+iovj/wOcMsTzMvDFbasi/oSapiwOlt252IqsKqPjCl7huKS0A=="
        }
      }
    }
  }
}
